# This file is automatically @generated by Cargo.
# It is not intended for manual editing.
version = 4

[[package]]
name = "elara"
version = "0.1.0"
dependencies = [
 "elara-api",
]

[[package]]
name = "elara-api"
version = "0.1.0"
dependencies = [
 "elara-compiler",
 "elara-core",
 "elara-interp",
]

[[package]]
name = "elara-bench"
version = "0.1.0"

[[package]]
name = "elara-bytecode"
version = "0.1.0"
dependencies = [
 "elara-core",
]

[[package]]
name = "elara-capi"
version = "0.1.0"

[[package]]
name = "elara-compiler"
version = "0.1.0"
dependencies = [
 "elara-bytecode",
 "elara-core",
 "elara-syntax",
 "elara-test",
]

[[package]]
name = "elara-core"
version = "0.1.0"

[[package]]
name = "elara-interp"
version = "0.1.0"
dependencies = [
 "elara-bytecode",
 "elara-core",
]

[[package]]
name = "elara-jit"
version = "0.1.0"

[[package]]
name = "elara-stdlib"
version = "0.1.0"
dependencies = [
 "elara-core",
]

[[package]]
name = "elara-syntax"
version = "0.1.0"
dependencies = [
 "elara-core",
 "elara-test",
]

[[package]]
name = "elara-test"
version = "0.1.0"
dependencies = [
 "elara-core",
]
